// !$*UTF8*$!
{
	archiveVersion = 1;
	classes = {
	};
	objectVersion = 46;
	objects = {

/* Begin PBXBuildFile section */
		C44735DF1DC2FEBF00FDF816 /* main.m in Sources */ = {isa = PBXBuildFile; fileRef = C44735DE1DC2FEBF00FDF816 /* main.m */; };
		C44735E21DC2FEBF00FDF816 /* AppDelegate.m in Sources */ = {isa = PBXBuildFile; fileRef = C44735E11DC2FEBF00FDF816 /* AppDelegate.m */; };
		C44735E51DC2FEBF00FDF816 /* ViewController.m in Sources */ = {isa = PBXBuildFile; fileRef = C44735E41DC2FEBF00FDF816 /* ViewController.m */; };
		C44735E81DC2FEBF00FDF816 /* Main.storyboard in Resources */ = {isa = PBXBuildFile; fileRef = C44735E61DC2FEBF00FDF816 /* Main.storyboard */; };
		C44735EA1DC2FEBF00FDF816 /* Assets.xcassets in Resources */ = {isa = PBXBuildFile; fileRef = C44735E91DC2FEBF00FDF816 /* Assets.xcassets */; };
		C44735ED1DC2FEBF00FDF816 /* LaunchScreen.storyboard in Resources */ = {isa = PBXBuildFile; fileRef = C44735EB1DC2FEBF00FDF816 /* LaunchScreen.storyboard */; };
		C44735F81DC2FEBF00FDF816 /* h1Tests.m in Sources */ = {isa = PBXBuildFile; fileRef = C44735F71DC2FEBF00FDF816 /* h1Tests.m */; };
		C44736031DC2FEBF00FDF816 /* h1UITests.m in Sources */ = {isa = PBXBuildFile; fileRef = C44736021DC2FEBF00FDF816 /* h1UITests.m */; };
/* End PBXBuildFile section */

/* Begin PBXContainerItemProxy section */
		C44735F41DC2FEBF00FDF816 /* PBXContainerItemProxy */ = {
			isa = PBXContainerItemProxy;
			containerPortal = C44735D21DC2FEBE00FDF816 /* Project object */;
			proxyType = 1;
			remoteGlobalIDString = C44735D91DC2FEBF00FDF816;
			remoteInfo = h1;
		};
		C44735FF1DC2FEBF00FDF816 /* PBXContainerItemProxy */ = {
			isa = PBXContainerItemProxy;
			containerPortal = C44735D21DC2FEBE00FDF816 /* Project object */;
			proxyType = 1;
			remoteGlobalIDString = C44735D91DC2FEBF00FDF816;
			remoteInfo = h1;
		};
/* End PBXContainerItemProxy section */

/* Begin PBXFileReference section */
		C44735DA1DC2FEBF00FDF816 /* h1.app */ = {isa = PBXFileReference; explicitFileType = wrapper.application; includeInIndex = 0; path = h1.app; sourceTree = BUILT_PRODUCTS_DIR; };
		C44735DE1DC2FEBF00FDF816 /* main.m */ = {isa = PBXFileReference; lastKnownFileType = sourcecode.c.objc; path = main.m; sourceTree = "<group>"; };
		C44735E01DC2FEBF00FDF816 /* AppDelegate.h */ = {isa = PBXFileReference; lastKnownFileType = sourcecode.c.h; path = AppDelegate.h; sourceTree = "<group>"; };
		C44735E11DC2FEBF00FDF816 /* AppDelegate.m */ = {isa = PBXFileReference; lastKnownFileType = sourcecode.c.objc; path = AppDelegate.m; sourceTree = "<group>"; };
		C44735E31DC2FEBF00FDF816 /* ViewController.h */ = {isa = PBXFileReference; lastKnownFileType = sourcecode.c.h; path = ViewController.h; sourceTree = "<group>"; };
		C44735E41DC2FEBF00FDF816 /* ViewController.m */ = {isa = PBXFileReference; lastKnownFileType = sourcecode.c.objc; path = ViewController.m; sourceTree = "<group>"; };
		C44735E71DC2FEBF00FDF816 /* Base */ = {isa = PBXFileReference; lastKnownFileType = file.storyboard; name = Base; path = Base.lproj/Main.storyboard; sourceTree = "<group>"; };
		C44735E91DC2FEBF00FDF816 /* Assets.xcassets */ = {isa = PBXFileReference; lastKnownFileType = folder.assetcatalog; path = Assets.xcassets; sourceTree = "<group>"; };
		C44735EC1DC2FEBF00FDF816 /* Base */ = {isa = PBXFileReference; lastKnownFileType = file.storyboard; name = Base; path = Base.lproj/LaunchScreen.storyboard; sourceTree = "<group>"; };
		C44735EE1DC2FEBF00FDF816 /* Info.plist */ = {isa = PBXFileReference; lastKnownFileType = text.plist.xml; path = Info.plist; sourceTree = "<group>"; };
		C44735F31DC2FEBF00FDF816 /* h1Tests.xctest */ = {isa = PBXFileReference; explicitFileType = wrapper.cfbundle; includeInIndex = 0; path = h1Tests.xctest; sourceTree = BUILT_PRODUCTS_DIR; };
		C44735F71DC2FEBF00FDF816 /* h1Tests.m */ = {isa = PBXFileReference; lastKnownFileType = sourcecode.c.objc; path = h1Tests.m; sourceTree = "<group>"; };
		C44735F91DC2FEBF00FDF816 /* Info.plist */ = {isa = PBXFileReference; lastKnownFileType = text.plist.xml; path = Info.plist; sourceTree = "<group>"; };
		C44735FE1DC2FEBF00FDF816 /* h1UITests.xctest */ = {isa = PBXFileReference; explicitFileType = wrapper.cfbundle; includeInIndex = 0; path = h1UITests.xctest; sourceTree = BUILT_PRODUCTS_DIR; };
		C44736021DC2FEBF00FDF816 /* h1UITests.m */ = {isa = PBXFileReference; lastKnownFileType = sourcecode.c.objc; path = h1UITests.m; sourceTree = "<group>"; };
		C44736041DC2FEBF00FDF816 /* Info.plist */ = {isa = PBXFileReference; lastKnownFileType = text.plist.xml; path = Info.plist; sourceTree = "<group>"; };
/* End PBXFileReference section */

/* Begin PBXFrameworksBuildPhase section */
		C44735D71DC2FEBF00FDF816 /* Frameworks */ = {
			isa = PBXFrameworksBuildPhase;
			buildActionMask = 2147483647;
			files = (
			);
			runOnlyForDeploymentPostprocessing = 0;
		};
		C44735F01DC2FEBF00FDF816 /* Frameworks */ = {
			isa = PBXFrameworksBuildPhase;
			buildActionMask = 2147483647;
			files = (
			);
			runOnlyForDeploymentPostprocessing = 0;
		};
		C44735FB1DC2FEBF00FDF816 /* Frameworks */ = {
			isa = PBXFrameworksBuildPhase;
			buildActionMask = 2147483647;
			files = (
			);
			runOnlyForDeploymentPostprocessing = 0;
		};
/* End PBXFrameworksBuildPhase section */

/* Begin PBXGroup section */
		C44735D11DC2FEBE00FDF816 = {
			isa = PBXGroup;
			children = (
				C44735DC1DC2FEBF00FDF816 /* h1 */,
				C44735F61DC2FEBF00FDF816 /* h1Tests */,
				C44736011DC2FEBF00FDF816 /* h1UITests */,
				C44735DB1DC2FEBF00FDF816 /* Products */,
			);
			sourceTree = "<group>";
		};
		C44735DB1DC2FEBF00FDF816 /* Products */ = {
			isa = PBXGroup;
			children = (
				C44735DA1DC2FEBF00FDF816 /* h1.app */,
				C44735F31DC2FEBF00FDF816 /* h1Tests.xctest */,
				C44735FE1DC2FEBF00FDF816 /* h1UITests.xctest */,
			);
			name = Products;
			sourceTree = "<group>";
		};
		C44735DC1DC2FEBF00FDF816 /* h1 */ = {
			isa = PBXGroup;
			children = (
				C44735E01DC2FEBF00FDF816 /* AppDelegate.h */,
				C44735E11DC2FEBF00FDF816 /* AppDelegate.m */,
				C44735E31DC2FEBF00FDF816 /* ViewController.h */,
				C44735E41DC2FEBF00FDF816 /* ViewController.m */,
				C44735E61DC2FEBF00FDF816 /* Main.storyboard */,
				C44735E91DC2FEBF00FDF816 /* Assets.xcassets */,
				C44735EB1DC2FEBF00FDF816 /* LaunchScreen.storyboard */,
				C44735EE1DC2FEBF00FDF816 /* Info.plist */,
				C44735DD1DC2FEBF00FDF816 /* Supporting Files */,
			);
			path = h1;
			sourceTree = "<group>";
		};
		C44735DD1DC2FEBF00FDF816 /* Supporting Files */ = {
			isa = PBXGroup;
			children = (
				C44735DE1DC2FEBF00FDF816 /* main.m */,
			);
			name = "Supporting Files";
			sourceTree = "<group>";
		};
		C44735F61DC2FEBF00FDF816 /* h1Tests */ = {
			isa = PBXGroup;
			children = (
				C44735F71DC2FEBF00FDF816 /* h1Tests.m */,
				C44735F91DC2FEBF00FDF816 /* Info.plist */,
			);
			path = h1Tests;
			sourceTree = "<group>";
		};
		C44736011DC2FEBF00FDF816 /* h1UITests */ = {
			isa = PBXGroup;
			children = (
				C44736021DC2FEBF00FDF816 /* h1UITests.m */,
				C44736041DC2FEBF00FDF816 /* Info.plist */,
			);
			path = h1UITests;
			sourceTree = "<group>";
		};
/* End PBXGroup section */

/* Begin PBXNativeTarget section */
		C44735D91DC2FEBF00FDF816 /* h1 */ = {
			isa = PBXNativeTarget;
			buildConfigurationList = C44736071DC2FEBF00FDF816 /* Build configuration list for PBXNativeTarget "h1" */;
			buildPhases = (
				C44735D61DC2FEBF00FDF816 /* Sources */,
				C44735D71DC2FEBF00FDF816 /* Frameworks */,
				C44735D81DC2FEBF00FDF816 /* Resources */,
			);
			buildRules = (
			);
			dependencies = (
			);
			name = h1;
			productName = h1;
			productReference = C44735DA1DC2FEBF00FDF816 /* h1.app */;
			productType = "com.apple.product-type.application";
		};
		C44735F21DC2FEBF00FDF816 /* h1Tests */ = {
			isa = PBXNativeTarget;
			buildConfigurationList = C447360A1DC2FEBF00FDF816 /* Build configuration list for PBXNativeTarget "h1Tests" */;
			buildPhases = (
				C44735EF1DC2FEBF00FDF816 /* Sources */,
				C44735F01DC2FEBF00FDF816 /* Frameworks */,
				C44735F11DC2FEBF00FDF816 /* Resources */,
			);
			buildRules = (
			);
			dependencies = (
				C44735F51DC2FEBF00FDF816 /* PBXTargetDependency */,
			);
			name = h1Tests;
			productName = h1Tests;
			productReference = C44735F31DC2FEBF00FDF816 /* h1Tests.xctest */;
			productType = "com.apple.product-type.bundle.unit-test";
		};
		C44735FD1DC2FEBF00FDF816 /* h1UITests */ = {
			isa = PBXNativeTarget;
			buildConfigurationList = C447360D1DC2FEBF00FDF816 /* Build configuration list for PBXNativeTarget "h1UITests" */;
			buildPhases = (
				C44735FA1DC2FEBF00FDF816 /* Sources */,
				C44735FB1DC2FEBF00FDF816 /* Frameworks */,
				C44735FC1DC2FEBF00FDF816 /* Resources */,
			);
			buildRules = (
			);
			dependencies = (
				C44736001DC2FEBF00FDF816 /* PBXTargetDependency */,
			);
			name = h1UITests;
			productName = h1UITests;
			productReference = C44735FE1DC2FEBF00FDF816 /* h1UITests.xctest */;
			productType = "com.apple.product-type.bundle.ui-testing";
		};
/* End PBXNativeTarget section */

/* Begin PBXProject section */
		C44735D21DC2FEBE00FDF816 /* Project object */ = {
			isa = PBXProject;
			attributes = {
				LastUpgradeCheck = 0800;
				ORGANIZATIONNAME = summer;
				TargetAttributes = {
					C44735D91DC2FEBF00FDF816 = {
						CreatedOnToolsVersion = 8.0;
						DevelopmentTeam = 3E8HM33UA8;
						ProvisioningStyle = Automatic;
					};
					C44735F21DC2FEBF00FDF816 = {
						CreatedOnToolsVersion = 8.0;
						DevelopmentTeam = 3E8HM33UA8;
						ProvisioningStyle = Automatic;
						TestTargetID = C44735D91DC2FEBF00FDF816;
					};
					C44735FD1DC2FEBF00FDF816 = {
						CreatedOnToolsVersion = 8.0;
						DevelopmentTeam = 3E8HM33UA8;
						ProvisioningStyle = Automatic;
						TestTargetID = C44735D91DC2FEBF00FDF816;
					};
				};
			};
			buildConfigurationList = C44735D51DC2FEBE00FDF816 /* Build configuration list for PBXProject "h1" */;
			compatibilityVersion = "Xcode 3.2";
			developmentRegion = English;
			hasScannedForEncodings = 0;
			knownRegions = (
				en,
				Base,
			);
			mainGroup = C44735D11DC2FEBE00FDF816;
			productRefGroup = C44735DB1DC2FEBF00FDF816 /* Products */;
			projectDirPath = "";
			projectRoot = "";
			targets = (
				C44735D91DC2FEBF00FDF816 /* h1 */,
				C44735F21DC2FEBF00FDF816 /* h1Tests */,
				C44735FD1DC2FEBF00FDF816 /* h1UITests */,
			);
		};
/* End PBXProject section */

/* Begin PBXResourcesBuildPhase section */
		C44735D81DC2FEBF00FDF816 /* Resources */ = {
			isa = PBXResourcesBuildPhase;
			buildActionMask = 2147483647;
			files = (
				C44735ED1DC2FEBF00FDF816 /* LaunchScreen.storyboard in Resources */,
				C44735EA1DC2FEBF00FDF816 /* Assets.xcassets in Resources */,
				C44735E81DC2FEBF00FDF816 /* Main.storyboard in Resources */,
			);
			runOnlyForDeploymentPostprocessing = 0;
		};
		C44735F11DC2FEBF00FDF816 /* Resources */ = {
			isa = PBXResourcesBuildPhase;
			buildActionMask = 2147483647;
			files = (
			);
			runOnlyForDeploymentPostprocessing = 0;
		};
		C44735FC1DC2FEBF00FDF816 /* Resources */ = {
			isa = PBXResourcesBuildPhase;
			buildActionMask = 2147483647;
			files = (
			);
			runOnlyForDeploymentPostprocessing = 0;
		};
/* End PBXResourcesBuildPhase section */

/* Begin PBXSourcesBuildPhase section */
		C44735D61DC2FEBF00FDF816 /* Sources */ = {
			isa = PBXSourcesBuildPhase;
			buildActionMask = 2147483647;
			files = (
				C44735E51DC2FEBF00FDF816 /* ViewController.m in Sources */,
				C44735E21DC2FEBF00FDF816 /* AppDelegate.m in Sources */,
				C44735DF1DC2FEBF00FDF816 /* main.m in Sources */,
			);
			runOnlyForDeploymentPostprocessing = 0;
		};
		C44735EF1DC2FEBF00FDF816 /* Sources */ = {
			isa = PBXSourcesBuildPhase;
			buildActionMask = 2147483647;
			files = (
				C44735F81DC2FEBF00FDF816 /* h1Tests.m in Sources */,
			);
			runOnlyForDeploymentPostprocessing = 0;
		};
		C44735FA1DC2FEBF00FDF816 /* Sources */ = {
			isa = PBXSourcesBuildPhase;
			buildActionMask = 2147483647;
			files = (
				C44736031DC2FEBF00FDF816 /* h1UITests.m in Sources */,
			);
			runOnlyForDeploymentPostprocessing = 0;
		};
/* End PBXSourcesBuildPhase section */

/* Begin PBXTargetDependency section */
		C44735F51DC2FEBF00FDF816 /* PBXTargetDependency */ = {
			isa = PBXTargetDependency;
			target = C44735D91DC2FEBF00FDF816 /* h1 */;
			targetProxy = C44735F41DC2FEBF00FDF816 /* PBXContainerItemProxy */;
		};
		C44736001DC2FEBF00FDF816 /* PBXTargetDependency */ = {
			isa = PBXTargetDependency;
			target = C44735D91DC2FEBF00FDF816 /* h1 */;
			targetProxy = C44735FF1DC2FEBF00FDF816 /* PBXContainerItemProxy */;
		};
/* End PBXTargetDependency section */

/* Begin PBXVariantGroup section */
		C44735E61DC2FEBF00FDF816 /* Main.storyboard */ = {
			isa = PBXVariantGroup;
			children = (
				C44735E71DC2FEBF00FDF816 /* Base */,
			);
			name = Main.storyboard;
			sourceTree = "<group>";
		};
		C44735EB1DC2FEBF00FDF816 /* LaunchScreen.storyboard */ = {
			isa = PBXVariantGroup;
			children = (
				C44735EC1DC2FEBF00FDF816 /* Base */,
			);
			name = LaunchScreen.storyboard;
			sourceTree = "<group>";
		};
/* End PBXVariantGroup section */

/* Begin XCBuildConfiguration section */
		C44736051DC2FEBF00FDF816 /* Debug */ = {
			isa = XCBuildConfiguration;
			buildSettings = {
				ALWAYS_SEARCH_USER_PATHS = NO;
				CLANG_ANALYZER_NONNULL = YES;
				CLANG_CXX_LANGUAGE_STANDARD = "gnu++0x";
				CLANG_CXX_LIBRARY = "libc++";
				CLANG_ENABLE_MODULES = YES;
				CLANG_ENABLE_OBJC_ARC = YES;
				CLANG_WARN_BOOL_CONVERSION = YES;
				CLANG_WARN_CONSTANT_CONVERSION = YES;
				CLANG_WARN_DIRECT_OBJC_ISA_USAGE = YES_ERROR;
				CLANG_WARN_DOCUMENTATION_COMMENTS = YES;
				CLANG_WARN_EMPTY_BODY = YES;
				CLANG_WARN_ENUM_CONVERSION = YES;
				CLANG_WARN_INFINITE_RECURSION = YES;
				CLANG_WARN_INT_CONVERSION = YES;
				CLANG_WARN_OBJC_ROOT_CLASS = YES_ERROR;
				CLANG_WARN_SUSPICIOUS_MOVES = YES;
				CLANG_WARN_UNREACHABLE_CODE = YES;
				CLANG_WARN__DUPLICATE_METHOD_MATCH = YES;
				"CODE_SIGN_IDENTITY[sdk=iphoneos*]" = "iPhone Developer";
				COPY_PHASE_STRIP = NO;
				DEBUG_INFORMATION_FORMAT = dwarf;
				ENABLE_STRICT_OBJC_MSGSEND = YES;
				ENABLE_TESTABILITY = YES;
				GCC_C_LANGUAGE_STANDARD = gnu99;
				GCC_DYNAMIC_NO_PIC = NO;
				GCC_NO_COMMON_BLOCKS = YES;
				GCC_OPTIMIZATION_LEVEL = 0;
				GCC_PREPROCESSOR_DEFINITIONS = (
					"DEBUG=1",
					"$(inherited)",
				);
				GCC_WARN_64_TO_32_BIT_CONVERSION = YES;
				GCC_WARN_ABOUT_RETURN_TYPE = YES_ERROR;
				GCC_WARN_UNDECLARED_SELECTOR = YES;
				GCC_WARN_UNINITIALIZED_AUTOS = YES_AGGRESSIVE;
				GCC_WARN_UNUSED_FUNCTION = YES;
				GCC_WARN_UNUSED_VARIABLE = YES;
				IPHONEOS_DEPLOYMENT_TARGET = 10.0;
				MTL_ENABLE_DEBUG_INFO = YES;
				ONLY_ACTIVE_ARCH = YES;
				SDKROOT = iphoneos;
			};
			name = Debug;
		};
		C44736061DC2FEBF00FDF816 /* Release */ = {
			isa = XCBuildConfiguration;
			buildSettings = {
				ALWAYS_SEARCH_USER_PATHS = NO;
				CLANG_ANALYZER_NONNULL = YES;
				CLANG_CXX_LANGUAGE_STANDARD = "gnu++0x";
				CLANG_CXX_LIBRARY = "libc++";
				CLANG_ENABLE_MODULES = YES;
				CLANG_ENABLE_OBJC_ARC = YES;
				CLANG_WARN_BOOL_CONVERSION = YES;
				CLANG_WARN_CONSTANT_CONVERSION = YES;
				CLANG_WARN_DIRECT_OBJC_ISA_USAGE = YES_ERROR;
				CLANG_WARN_DOCUMENTATION_COMMENTS = YES;
				CLANG_WARN_EMPTY_BODY = YES;
				CLANG_WARN_ENUM_CONVERSION = YES;
				CLANG_WARN_INFINITE_RECURSION = YES;
				CLANG_WARN_INT_CONVERSION = YES;
				CLANG_WARN_OBJC_ROOT_CLASS = YES_ERROR;
				CLANG_WARN_SUSPICIOUS_MOVES = YES;
				CLANG_WARN_UNREACHABLE_CODE = YES;
				CLANG_WARN__DUPLICATE_METHOD_MATCH = YES;
				"CODE_SIGN_IDENTITY[sdk=iphoneos*]" = "iPhone Developer";
				COPY_PHASE_STRIP = NO;
				DEBUG_INFORMATION_FORMAT = "dwarf-with-dsym";
				ENABLE_NS_ASSERTIONS = NO;
				ENABLE_STRICT_OBJC_MSGSEND = YES;
				GCC_C_LANGUAGE_STANDARD = gnu99;
				GCC_NO_COMMON_BLOCKS = YES;
				GCC_WARN_64_TO_32_BIT_CONVERSION = YES;
				GCC_WARN_ABOUT_RETURN_TYPE = YES_ERROR;
				GCC_WARN_UNDECLARED_SELECTOR = YES;
				GCC_WARN_UNINITIALIZED_AUTOS = YES_AGGRESSIVE;
				GCC_WARN_UNUSED_FUNCTION = YES;
				GCC_WARN_UNUSED_VARIABLE = YES;
				IPHONEOS_DEPLOYMENT_TARGET = 10.0;
				MTL_ENABLE_DEBUG_INFO = NO;
				SDKROOT = iphoneos;
				VALIDATE_PRODUCT = YES;
			};
			name = Release;
		};
		C44736081DC2FEBF00FDF816 /* Debug */ = {
			isa = XCBuildConfiguration;
			buildSettings = {
				ASSETCATALOG_COMPILER_APPICON_NAME = AppIcon;
				DEVELOPMENT_TEAM = 3E8HM33UA8;
				INFOPLIST_FILE = h1/Info.plist;
				LD_RUNPATH_SEARCH_PATHS = "$(inherited) @executable_path/Frameworks";
				PRODUCT_BUNDLE_IDENTIFIER = summer.h1;
				PRODUCT_NAME = "$(TARGET_NAME)";
			};
			name = Debug;
		};
		C44736091DC2FEBF00FDF816 /* Release */ = {
			isa = XCBuildConfiguration;
			buildSettings = {
				ASSETCATALOG_COMPILER_APPICON_NAME = AppIcon;
				DEVELOPMENT_TEAM = 3E8HM33UA8;
				INFOPLIST_FILE = h1/Info.plist;
				LD_RUNPATH_SEARCH_PATHS = "$(inherited) @executable_path/Frameworks";
				PRODUCT_BUNDLE_IDENTIFIER = summer.h1;
				PRODUCT_NAME = "$(TARGET_NAME)";
			};
			name = Release;
		};
		C447360B1DC2FEBF00FDF816 /* Debug */ = {
			isa = XCBuildConfiguration;
			buildSettings = {
				BUNDLE_LOADER = "$(TEST_HOST)";
				DEVELOPMENT_TEAM = 3E8HM33UA8;
				INFOPLIST_FILE = h1Tests/Info.plist;
				LD_RUNPATH_SEARCH_PATHS = "$(inherited) @executable_path/Frameworks @loader_path/Frameworks";
				PRODUCT_BUNDLE_IDENTIFIER = summer.h1Tests;
				PRODUCT_NAME = "$(TARGET_NAME)";
				TEST_HOST = "$(BUILT_PRODUCTS_DIR)/h1.app/h1";
			};
			name = Debug;
		};
		C447360C1DC2FEBF00FDF816 /* Release */ = {
			isa = XCBuildConfiguration;
			buildSettings = {
				BUNDLE_LOADER = "$(TEST_HOST)";
				DEVELOPMENT_TEAM = 3E8HM33UA8;
				INFOPLIST_FILE = h1Tests/Info.plist;
				LD_RUNPATH_SEARCH_PATHS = "$(inherited) @executable_path/Frameworks @loader_path/Frameworks";
				PRODUCT_BUNDLE_IDENTIFIER = summer.h1Tests;
				PRODUCT_NAME = "$(TARGET_NAME)";
				TEST_HOST = "$(BUILT_PRODUCTS_DIR)/h1.app/h1";
			};
			name = Release;
		};
		C447360E1DC2FEBF00FDF816 /* Debug */ = {
			isa = XCBuildConfiguration;
			buildSettings = {
				DEVELOPMENT_TEAM = 3E8HM33UA8;
				INFOPLIST_FILE = h1UITests/Info.plist;
				LD_RUNPATH_SEARCH_PATHS = "$(inherited) @executable_path/Frameworks @loader_path/Frameworks";
				PRODUCT_BUNDLE_IDENTIFIER = summer.h1UITests;
				PRODUCT_NAME = "$(TARGET_NAME)";
				TEST_TARGET_NAME = h1;
			};
			name = Debug;
		};
		C447360F1DC2FEBF00FDF816 /* Release */ = {
			isa = XCBuildConfiguration;
			buildSettings = {
				DEVELOPMENT_TEAM = 3E8HM33UA8;
				INFOPLIST_FILE = h1UITests/Info.plist;
				LD_RUNPATH_SEARCH_PATHS = "$(inherited) @executable_path/Frameworks @loader_path/Frameworks";
				PRODUCT_BUNDLE_IDENTIFIER = summer.h1UITests;
				PRODUCT_NAME = "$(TARGET_NAME)";
				TEST_TARGET_NAME = h1;
			};
			name = Release;
		};
/* End XCBuildConfiguration section */

/* Begin XCConfigurationList section */
		C44735D51DC2FEBE00FDF816 /* Build configuration list for PBXProject "h1" */ = {
			isa = XCConfigurationList;
			buildConfigurations = (
				C44736051DC2FEBF00FDF816 /* Debug */,
				C44736061DC2FEBF00FDF816 /* Release */,
			);
			defaultConfigurationIsVisible = 0;
			defaultConfigurationName = Release;
		};
		C44736071DC2FEBF00FDF816 /* Build configuration list for PBXNativeTarget "h1" */ = {
			isa = XCConfigurationList;
			buildConfigurations = (
				C44736081DC2FEBF00FDF816 /* Debug */,
				C44736091DC2FEBF00FDF816 /* Release */,
			);
			defaultConfigurationIsVisible = 0;
		};
		C447360A1DC2FEBF00FDF816 /* Build configuration list for PBXNativeTarget "h1Tests" */ = {
			isa = XCConfigurationList;
			buildConfigurations = (
				C447360B1DC2FEBF00FDF816 /* Debug */,
				C447360C1DC2FEBF00FDF816 /* Release */,
			);
			defaultConfigurationIsVisible = 0;
		};
		C447360D1DC2FEBF00FDF816 /* Build configuration list for PBXNativeTarget "h1UITests" */ = {
			isa = XCConfigurationList;
			buildConfigurations = (
				C447360E1DC2FEBF00FDF816 /* Debug */,
				C447360F1DC2FEBF00FDF816 /* Release */,
			);
			defaultConfigurationIsVisible = 0;
		};
/* End XCConfigurationList section */
	};
	rootObject = C44735D21DC2FEBE00FDF816 /* Project object */;
}
